
Microsoft Visual Studio Solution File, Format Version 12.00
# Visual Studio 2012
Project("{2150E333-8FDC-42A3-9474-1A3956D46DE8}") = "LinkedList", "LinkedList", "{5765CA6C-8795-451E-BE8B-1B7A3D761800}"
EndProject
Project("{FAE04EC0-301F-11D3-BF4B-00C04F79EFBC}") = "LinkedList", "LinkedList\LinkedList.csproj", "{A853C703-DFE7-4DFA-A855-95E8BFB060CB}"
EndProject
Global
	GlobalSection(SolutionConfigurationPlatforms) = preSolution
		Debug|Any CPU = Debug|Any CPU
		Release|Any CPU = Release|Any CPU
	EndGlobalSection
	GlobalSection(ProjectConfigurationPlatforms) = postSolution
		{A853C703-DFE7-4DFA-A855-95E8BFB060CB}.Debug|Any CPU.ActiveCfg = Debug|Any CPU
		{A853C703-DFE7-4DFA-A855-95E8BFB060CB}.Debug|Any CPU.Build.0 = Debug|Any CPU
		{A853C703-DFE7-4DFA-A855-95E8BFB060CB}.Release|Any CPU.ActiveCfg = Release|Any CPU
		{A853C703-DFE7-4DFA-A855-95E8BFB060CB}.Release|Any CPU.Build.0 = Release|Any CPU
	EndGlobalSection
	GlobalSection(SolutionProperties) = preSolution
		HideSolutionNode = FALSE
	EndGlobalSection
	GlobalSection(NestedProjects) = preSolution
		{A853C703-DFE7-4DFA-A855-95E8BFB060CB} = {5765CA6C-8795-451E-BE8B-1B7A3D761800}
	EndGlobalSection
EndGlobal
