
Microsoft Visual Studio Solution File, Format Version 12.00
# Visual Studio 2012
Project("{2150E333-8FDC-42A3-9474-1A3956D46DE8}") = "LinkedList", "LinkedList", "{5765CA6C-8795-451E-BE8B-1B7A3D761800}"
EndProject
Project("{FAE04EC0-301F-11D3-BF4B-00C04F79EFBC}") = "LinkedList", "LinkedList\LinkedList.csproj", "{A853C703-DFE7-4DFA-A855-95E8BFB060CB}"
EndProject
Project("{FAE04EC0-301F-11D3-BF4B-00C04F79EFBC}") = "DoublyLinkedList", "DoublyLinkedList\DoublyLinkedList.csproj", "{7A6374EF-4EB8-4A42-82F5-B78D6D3EBF2B}"
EndProject
Project("{2150E333-8FDC-42A3-9474-1A3956D46DE8}") = "Stacks", "Stacks", "{D4F714DD-6E70-44C3-8ECD-5BE3F5AE3305}"
EndProject
Project("{FAE04EC0-301F-11D3-BF4B-00C04F79EFBC}") = "Stack.LinkedList", "Stack.LinkedList\Stack.LinkedList.csproj", "{91E94221-70BD-4A63-8682-321DDCDC3920}"
EndProject
Project("{FAE04EC0-301F-11D3-BF4B-00C04F79EFBC}") = "Stack.Array", "Stack.Array\Stack.Array.csproj", "{8B20D1F9-AA87-4E61-A846-09F65E2993E8}"
EndProject
Project("{2150E333-8FDC-42A3-9474-1A3956D46DE8}") = "Queue", "Queue", "{D7CE4D52-C3EA-48BC-AD87-3115E16E79DF}"
EndProject
Project("{FAE04EC0-301F-11D3-BF4B-00C04F79EFBC}") = "Queue.LinkedList", "Queue.LinkedList\Queue.LinkedList.csproj", "{43344316-F018-4400-AEA5-9015D21FF193}"
EndProject
Project("{FAE04EC0-301F-11D3-BF4B-00C04F79EFBC}") = "Queue.Array", "Queue.Array\Queue.Array.csproj", "{BFB4F814-BB85-47D5-BE55-81F7172086CB}"
EndProject
Project("{FAE04EC0-301F-11D3-BF4B-00C04F79EFBC}") = "PriorityQueue", "PriorityQueue\PriorityQueue.csproj", "{6AEAA510-5C07-4686-BB36-AA77F8D8232B}"
EndProject
Global
	GlobalSection(SolutionConfigurationPlatforms) = preSolution
		Debug|Any CPU = Debug|Any CPU
		Release|Any CPU = Release|Any CPU
	EndGlobalSection
	GlobalSection(ProjectConfigurationPlatforms) = postSolution
		{A853C703-DFE7-4DFA-A855-95E8BFB060CB}.Debug|Any CPU.ActiveCfg = Debug|Any CPU
		{A853C703-DFE7-4DFA-A855-95E8BFB060CB}.Debug|Any CPU.Build.0 = Debug|Any CPU
		{A853C703-DFE7-4DFA-A855-95E8BFB060CB}.Release|Any CPU.ActiveCfg = Release|Any CPU
		{A853C703-DFE7-4DFA-A855-95E8BFB060CB}.Release|Any CPU.Build.0 = Release|Any CPU
		{7A6374EF-4EB8-4A42-82F5-B78D6D3EBF2B}.Debug|Any CPU.ActiveCfg = Debug|Any CPU
		{7A6374EF-4EB8-4A42-82F5-B78D6D3EBF2B}.Debug|Any CPU.Build.0 = Debug|Any CPU
		{7A6374EF-4EB8-4A42-82F5-B78D6D3EBF2B}.Release|Any CPU.ActiveCfg = Release|Any CPU
		{7A6374EF-4EB8-4A42-82F5-B78D6D3EBF2B}.Release|Any CPU.Build.0 = Release|Any CPU
		{91E94221-70BD-4A63-8682-321DDCDC3920}.Debug|Any CPU.ActiveCfg = Debug|Any CPU
		{91E94221-70BD-4A63-8682-321DDCDC3920}.Debug|Any CPU.Build.0 = Debug|Any CPU
		{91E94221-70BD-4A63-8682-321DDCDC3920}.Release|Any CPU.ActiveCfg = Release|Any CPU
		{91E94221-70BD-4A63-8682-321DDCDC3920}.Release|Any CPU.Build.0 = Release|Any CPU
		{8B20D1F9-AA87-4E61-A846-09F65E2993E8}.Debug|Any CPU.ActiveCfg = Debug|Any CPU
		{8B20D1F9-AA87-4E61-A846-09F65E2993E8}.Debug|Any CPU.Build.0 = Debug|Any CPU
		{8B20D1F9-AA87-4E61-A846-09F65E2993E8}.Release|Any CPU.ActiveCfg = Release|Any CPU
		{8B20D1F9-AA87-4E61-A846-09F65E2993E8}.Release|Any CPU.Build.0 = Release|Any CPU
		{43344316-F018-4400-AEA5-9015D21FF193}.Debug|Any CPU.ActiveCfg = Debug|Any CPU
		{43344316-F018-4400-AEA5-9015D21FF193}.Debug|Any CPU.Build.0 = Debug|Any CPU
		{43344316-F018-4400-AEA5-9015D21FF193}.Release|Any CPU.ActiveCfg = Release|Any CPU
		{43344316-F018-4400-AEA5-9015D21FF193}.Release|Any CPU.Build.0 = Release|Any CPU
		{BFB4F814-BB85-47D5-BE55-81F7172086CB}.Debug|Any CPU.ActiveCfg = Debug|Any CPU
		{BFB4F814-BB85-47D5-BE55-81F7172086CB}.Debug|Any CPU.Build.0 = Debug|Any CPU
		{BFB4F814-BB85-47D5-BE55-81F7172086CB}.Release|Any CPU.ActiveCfg = Release|Any CPU
		{BFB4F814-BB85-47D5-BE55-81F7172086CB}.Release|Any CPU.Build.0 = Release|Any CPU
		{6AEAA510-5C07-4686-BB36-AA77F8D8232B}.Debug|Any CPU.ActiveCfg = Debug|Any CPU
		{6AEAA510-5C07-4686-BB36-AA77F8D8232B}.Debug|Any CPU.Build.0 = Debug|Any CPU
		{6AEAA510-5C07-4686-BB36-AA77F8D8232B}.Release|Any CPU.ActiveCfg = Release|Any CPU
		{6AEAA510-5C07-4686-BB36-AA77F8D8232B}.Release|Any CPU.Build.0 = Release|Any CPU
	EndGlobalSection
	GlobalSection(SolutionProperties) = preSolution
		HideSolutionNode = FALSE
	EndGlobalSection
	GlobalSection(NestedProjects) = preSolution
		{A853C703-DFE7-4DFA-A855-95E8BFB060CB} = {5765CA6C-8795-451E-BE8B-1B7A3D761800}
		{7A6374EF-4EB8-4A42-82F5-B78D6D3EBF2B} = {5765CA6C-8795-451E-BE8B-1B7A3D761800}
		{91E94221-70BD-4A63-8682-321DDCDC3920} = {D4F714DD-6E70-44C3-8ECD-5BE3F5AE3305}
		{8B20D1F9-AA87-4E61-A846-09F65E2993E8} = {D4F714DD-6E70-44C3-8ECD-5BE3F5AE3305}
		{43344316-F018-4400-AEA5-9015D21FF193} = {D7CE4D52-C3EA-48BC-AD87-3115E16E79DF}
		{BFB4F814-BB85-47D5-BE55-81F7172086CB} = {D7CE4D52-C3EA-48BC-AD87-3115E16E79DF}
		{6AEAA510-5C07-4686-BB36-AA77F8D8232B} = {D7CE4D52-C3EA-48BC-AD87-3115E16E79DF}
	EndGlobalSection
EndGlobal
