
Microsoft Visual Studio Solution File, Format Version 12.00
# Visual Studio 2012
Project("{FAE04EC0-301F-11D3-BF4B-00C04F79EFBC}") = "SortingAlgorimths", "SortingAlgorimths\SortingAlgorimths.csproj", "{4A164406-8C87-4827-B182-EE7A1E9257B5}"
EndProject
Project("{FAE04EC0-301F-11D3-BF4B-00C04F79EFBC}") = "Algorithms.Tests", "Algorithms.Tests\Algorithms.Tests.csproj", "{63D253DF-12B7-4645-A346-AFF75B95C670}"
EndProject
Global
	GlobalSection(SolutionConfigurationPlatforms) = preSolution
		Debug|Any CPU = Debug|Any CPU
		Release|Any CPU = Release|Any CPU
	EndGlobalSection
	GlobalSection(ProjectConfigurationPlatforms) = postSolution
		{4A164406-8C87-4827-B182-EE7A1E9257B5}.Debug|Any CPU.ActiveCfg = Debug|Any CPU
		{4A164406-8C87-4827-B182-EE7A1E9257B5}.Debug|Any CPU.Build.0 = Debug|Any CPU
		{4A164406-8C87-4827-B182-EE7A1E9257B5}.Release|Any CPU.ActiveCfg = Release|Any CPU
		{4A164406-8C87-4827-B182-EE7A1E9257B5}.Release|Any CPU.Build.0 = Release|Any CPU
		{63D253DF-12B7-4645-A346-AFF75B95C670}.Debug|Any CPU.ActiveCfg = Debug|Any CPU
		{63D253DF-12B7-4645-A346-AFF75B95C670}.Debug|Any CPU.Build.0 = Debug|Any CPU
		{63D253DF-12B7-4645-A346-AFF75B95C670}.Release|Any CPU.ActiveCfg = Release|Any CPU
		{63D253DF-12B7-4645-A346-AFF75B95C670}.Release|Any CPU.Build.0 = Release|Any CPU
	EndGlobalSection
	GlobalSection(SolutionProperties) = preSolution
		HideSolutionNode = FALSE
	EndGlobalSection
EndGlobal
